github.com/jmervine/env v0.0.0-20150903161524-c9fbebdd043f/go.mod h1:8+i4SSk2wy/mtCqWioZc1tRvcZCinlbegspFKLp+XWg=
github.com/jmervine/readable v0.0.0-20150925011043-6f6c7afbdd1b/go.mod h1:ufevYWL+VJMT7CB1pKhtZBrICMDBShDqAAT9HroG3ns=
github.com/joho/godotenv v1.2.0/go.mod h1:7hK45KPybAkOC6peb+G5yklZfMxEjkZhHbwpqxOKXbg=
